// !$*UTF8*$!
{
	archiveVersion = 1;
	classes = {
	};
	objectVersion = 46;
	objects = {

/* Begin PBXBuildFile section */
		773C4E661CBCA90C00CF0C98 /* AppDelegate.swift in Sources */ = {isa = PBXBuildFile; fileRef = 773C4E651CBCA90C00CF0C98 /* AppDelegate.swift */; };
		773C4E681CBCA90C00CF0C98 /* MasterViewController.swift in Sources */ = {isa = PBXBuildFile; fileRef = 773C4E671CBCA90C00CF0C98 /* MasterViewController.swift */; };
		773C4E6A1CBCA90C00CF0C98 /* DetailViewController.swift in Sources */ = {isa = PBXBuildFile; fileRef = 773C4E691CBCA90C00CF0C98 /* DetailViewController.swift */; };
		773C4E6D1CBCA90C00CF0C98 /* Main.storyboard in Resources */ = {isa = PBXBuildFile; fileRef = 773C4E6B1CBCA90C00CF0C98 /* Main.storyboard */; };
		773C4E6F1CBCA90C00CF0C98 /* Assets.xcassets in Resources */ = {isa = PBXBuildFile; fileRef = 773C4E6E1CBCA90C00CF0C98 /* Assets.xcassets */; };
		773C4E721CBCA90C00CF0C98 /* LaunchScreen.storyboard in Resources */ = {isa = PBXBuildFile; fileRef = 773C4E701CBCA90C00CF0C98 /* LaunchScreen.storyboard */; };
		773C4E7D1CBCA90C00CF0C98 /* ContactListTests.swift in Sources */ = {isa = PBXBuildFile; fileRef = 773C4E7C1CBCA90C00CF0C98 /* ContactListTests.swift */; };
		773C4E881CBCA90C00CF0C98 /* ContactListUITests.swift in Sources */ = {isa = PBXBuildFile; fileRef = 773C4E871CBCA90C00CF0C98 /* ContactListUITests.swift */; };
		773C4E971CBCA95200CF0C98 /* PersonTests.swift in Sources */ = {isa = PBXBuildFile; fileRef = 773C4E951CBCA95200CF0C98 /* PersonTests.swift */; };
		773C4E981CBCA95200CF0C98 /* ContactListEntryTests.swift in Sources */ = {isa = PBXBuildFile; fileRef = 773C4E961CBCA95200CF0C98 /* ContactListEntryTests.swift */; };
		773C4E9A1CBCA98A00CF0C98 /* Person.swift in Sources */ = {isa = PBXBuildFile; fileRef = 773C4E991CBCA98A00CF0C98 /* Person.swift */; };
		773C4E9C1CBCA9C100CF0C98 /* ContacListEntry.swift in Sources */ = {isa = PBXBuildFile; fileRef = 773C4E9B1CBCA9C100CF0C98 /* ContacListEntry.swift */; };
		773C4E9E1CBCA9FB00CF0C98 /* ContactList.swift in Sources */ = {isa = PBXBuildFile; fileRef = 773C4E9D1CBCA9FB00CF0C98 /* ContactList.swift */; };
/* End PBXBuildFile section */

/* Begin PBXContainerItemProxy section */
		773C4E791CBCA90C00CF0C98 /* PBXContainerItemProxy */ = {
			isa = PBXContainerItemProxy;
			containerPortal = 773C4E5A1CBCA90C00CF0C98 /* Project object */;
			proxyType = 1;
			remoteGlobalIDString = 773C4E611CBCA90C00CF0C98;
			remoteInfo = ContactList;
		};
		773C4E841CBCA90C00CF0C98 /* PBXContainerItemProxy */ = {
			isa = PBXContainerItemProxy;
			containerPortal = 773C4E5A1CBCA90C00CF0C98 /* Project object */;
			proxyType = 1;
			remoteGlobalIDString = 773C4E611CBCA90C00CF0C98;
			remoteInfo = ContactList;
		};
/* End PBXContainerItemProxy section */

/* Begin PBXFileReference section */
		773C4E621CBCA90C00CF0C98 /* ContactList.app */ = {isa = PBXFileReference; explicitFileType = wrapper.application; includeInIndex = 0; path = ContactList.app; sourceTree = BUILT_PRODUCTS_DIR; };
		773C4E651CBCA90C00CF0C98 /* AppDelegate.swift */ = {isa = PBXFileReference; lastKnownFileType = sourcecode.swift; path = AppDelegate.swift; sourceTree = "<group>"; };
		773C4E671CBCA90C00CF0C98 /* MasterViewController.swift */ = {isa = PBXFileReference; lastKnownFileType = sourcecode.swift; path = MasterViewController.swift; sourceTree = "<group>"; };
		773C4E691CBCA90C00CF0C98 /* DetailViewController.swift */ = {isa = PBXFileReference; lastKnownFileType = sourcecode.swift; path = DetailViewController.swift; sourceTree = "<group>"; };
		773C4E6C1CBCA90C00CF0C98 /* Base */ = {isa = PBXFileReference; lastKnownFileType = file.storyboard; name = Base; path = Base.lproj/Main.storyboard; sourceTree = "<group>"; };
		773C4E6E1CBCA90C00CF0C98 /* Assets.xcassets */ = {isa = PBXFileReference; lastKnownFileType = folder.assetcatalog; path = Assets.xcassets; sourceTree = "<group>"; };
		773C4E711CBCA90C00CF0C98 /* Base */ = {isa = PBXFileReference; lastKnownFileType = file.storyboard; name = Base; path = Base.lproj/LaunchScreen.storyboard; sourceTree = "<group>"; };
		773C4E731CBCA90C00CF0C98 /* Info.plist */ = {isa = PBXFileReference; lastKnownFileType = text.plist.xml; path = Info.plist; sourceTree = "<group>"; };
		773C4E781CBCA90C00CF0C98 /* ContactListTests.xctest */ = {isa = PBXFileReference; explicitFileType = wrapper.cfbundle; includeInIndex = 0; path = ContactListTests.xctest; sourceTree = BUILT_PRODUCTS_DIR; };
		773C4E7C1CBCA90C00CF0C98 /* ContactListTests.swift */ = {isa = PBXFileReference; lastKnownFileType = sourcecode.swift; path = ContactListTests.swift; sourceTree = "<group>"; };
		773C4E7E1CBCA90C00CF0C98 /* Info.plist */ = {isa = PBXFileReference; lastKnownFileType = text.plist.xml; path = Info.plist; sourceTree = "<group>"; };
		773C4E831CBCA90C00CF0C98 /* ContactListUITests.xctest */ = {isa = PBXFileReference; explicitFileType = wrapper.cfbundle; includeInIndex = 0; path = ContactListUITests.xctest; sourceTree = BUILT_PRODUCTS_DIR; };
		773C4E871CBCA90C00CF0C98 /* ContactListUITests.swift */ = {isa = PBXFileReference; lastKnownFileType = sourcecode.swift; path = ContactListUITests.swift; sourceTree = "<group>"; };
		773C4E891CBCA90C00CF0C98 /* Info.plist */ = {isa = PBXFileReference; lastKnownFileType = text.plist.xml; path = Info.plist; sourceTree = "<group>"; };
		773C4E951CBCA95200CF0C98 /* PersonTests.swift */ = {isa = PBXFileReference; fileEncoding = 4; lastKnownFileType = sourcecode.swift; path = PersonTests.swift; sourceTree = "<group>"; };
		773C4E961CBCA95200CF0C98 /* ContactListEntryTests.swift */ = {isa = PBXFileReference; fileEncoding = 4; lastKnownFileType = sourcecode.swift; path = ContactListEntryTests.swift; sourceTree = "<group>"; };
		773C4E991CBCA98A00CF0C98 /* Person.swift */ = {isa = PBXFileReference; fileEncoding = 4; lastKnownFileType = sourcecode.swift; path = Person.swift; sourceTree = "<group>"; };
		773C4E9B1CBCA9C100CF0C98 /* ContacListEntry.swift */ = {isa = PBXFileReference; fileEncoding = 4; lastKnownFileType = sourcecode.swift; path = ContacListEntry.swift; sourceTree = "<group>"; };
		773C4E9D1CBCA9FB00CF0C98 /* ContactList.swift */ = {isa = PBXFileReference; fileEncoding = 4; lastKnownFileType = sourcecode.swift; path = ContactList.swift; sourceTree = "<group>"; };
/* End PBXFileReference section */

/* Begin PBXFrameworksBuildPhase section */
		773C4E5F1CBCA90C00CF0C98 /* Frameworks */ = {
			isa = PBXFrameworksBuildPhase;
			buildActionMask = 2147483647;
			files = (
			);
			runOnlyForDeploymentPostprocessing = 0;
		};
		773C4E751CBCA90C00CF0C98 /* Frameworks */ = {
			isa = PBXFrameworksBuildPhase;
			buildActionMask = 2147483647;
			files = (
			);
			runOnlyForDeploymentPostprocessing = 0;
		};
		773C4E801CBCA90C00CF0C98 /* Frameworks */ = {
			isa = PBXFrameworksBuildPhase;
			buildActionMask = 2147483647;
			files = (
			);
			runOnlyForDeploymentPostprocessing = 0;
		};
/* End PBXFrameworksBuildPhase section */

/* Begin PBXGroup section */
		773C4E591CBCA90C00CF0C98 = {
			isa = PBXGroup;
			children = (
				773C4E641CBCA90C00CF0C98 /* ContactList */,
				773C4E7B1CBCA90C00CF0C98 /* ContactListTests */,
				773C4E861CBCA90C00CF0C98 /* ContactListUITests */,
				773C4E631CBCA90C00CF0C98 /* Products */,
			);
			sourceTree = "<group>";
		};
		773C4E631CBCA90C00CF0C98 /* Products */ = {
			isa = PBXGroup;
			children = (
				773C4E621CBCA90C00CF0C98 /* ContactList.app */,
				773C4E781CBCA90C00CF0C98 /* ContactListTests.xctest */,
				773C4E831CBCA90C00CF0C98 /* ContactListUITests.xctest */,
			);
			name = Products;
			sourceTree = "<group>";
		};
		773C4E641CBCA90C00CF0C98 /* ContactList */ = {
			isa = PBXGroup;
			children = (
				773C4E651CBCA90C00CF0C98 /* AppDelegate.swift */,
				773C4E671CBCA90C00CF0C98 /* MasterViewController.swift */,
				773C4E691CBCA90C00CF0C98 /* DetailViewController.swift */,
				773C4E6B1CBCA90C00CF0C98 /* Main.storyboard */,
				773C4E6E1CBCA90C00CF0C98 /* Assets.xcassets */,
				773C4E701CBCA90C00CF0C98 /* LaunchScreen.storyboard */,
				773C4E731CBCA90C00CF0C98 /* Info.plist */,
				773C4E991CBCA98A00CF0C98 /* Person.swift */,
				773C4E9B1CBCA9C100CF0C98 /* ContacListEntry.swift */,
				773C4E9D1CBCA9FB00CF0C98 /* ContactList.swift */,
			);
			path = ContactList;
			sourceTree = "<group>";
		};
		773C4E7B1CBCA90C00CF0C98 /* ContactListTests */ = {
			isa = PBXGroup;
			children = (
				773C4E951CBCA95200CF0C98 /* PersonTests.swift */,
				773C4E961CBCA95200CF0C98 /* ContactListEntryTests.swift */,
				773C4E7C1CBCA90C00CF0C98 /* ContactListTests.swift */,
				773C4E7E1CBCA90C00CF0C98 /* Info.plist */,
			);
			path = ContactListTests;
			sourceTree = "<group>";
		};
		773C4E861CBCA90C00CF0C98 /* ContactListUITests */ = {
			isa = PBXGroup;
			children = (
				773C4E871CBCA90C00CF0C98 /* ContactListUITests.swift */,
				773C4E891CBCA90C00CF0C98 /* Info.plist */,
			);
			path = ContactListUITests;
			sourceTree = "<group>";
		};
/* End PBXGroup section */

/* Begin PBXNativeTarget section */
		773C4E611CBCA90C00CF0C98 /* ContactList */ = {
			isa = PBXNativeTarget;
			buildConfigurationList = 773C4E8C1CBCA90C00CF0C98 /* Build configuration list for PBXNativeTarget "ContactList" */;
			buildPhases = (
				773C4E5E1CBCA90C00CF0C98 /* Sources */,
				773C4E5F1CBCA90C00CF0C98 /* Frameworks */,
				773C4E601CBCA90C00CF0C98 /* Resources */,
			);
			buildRules = (
			);
			dependencies = (
			);
			name = ContactList;
			productName = ContactList;
			productReference = 773C4E621CBCA90C00CF0C98 /* ContactList.app */;
			productType = "com.apple.product-type.application";
		};
		773C4E771CBCA90C00CF0C98 /* ContactListTests */ = {
			isa = PBXNativeTarget;
			buildConfigurationList = 773C4E8F1CBCA90C00CF0C98 /* Build configuration list for PBXNativeTarget "ContactListTests" */;
			buildPhases = (
				773C4E741CBCA90C00CF0C98 /* Sources */,
				773C4E751CBCA90C00CF0C98 /* Frameworks */,
				773C4E761CBCA90C00CF0C98 /* Resources */,
			);
			buildRules = (
			);
			dependencies = (
				773C4E7A1CBCA90C00CF0C98 /* PBXTargetDependency */,
			);
			name = ContactListTests;
			productName = ContactListTests;
			productReference = 773C4E781CBCA90C00CF0C98 /* ContactListTests.xctest */;
			productType = "com.apple.product-type.bundle.unit-test";
		};
		773C4E821CBCA90C00CF0C98 /* ContactListUITests */ = {
			isa = PBXNativeTarget;
			buildConfigurationList = 773C4E921CBCA90C00CF0C98 /* Build configuration list for PBXNativeTarget "ContactListUITests" */;
			buildPhases = (
				773C4E7F1CBCA90C00CF0C98 /* Sources */,
				773C4E801CBCA90C00CF0C98 /* Frameworks */,
				773C4E811CBCA90C00CF0C98 /* Resources */,
			);
			buildRules = (
			);
			dependencies = (
				773C4E851CBCA90C00CF0C98 /* PBXTargetDependency */,
			);
			name = ContactListUITests;
			productName = ContactListUITests;
			productReference = 773C4E831CBCA90C00CF0C98 /* ContactListUITests.xctest */;
			productType = "com.apple.product-type.bundle.ui-testing";
		};
/* End PBXNativeTarget section */

/* Begin PBXProject section */
		773C4E5A1CBCA90C00CF0C98 /* Project object */ = {
			isa = PBXProject;
			attributes = {
				LastSwiftUpdateCheck = 0730;
				LastUpgradeCheck = 0730;
				ORGANIZATIONNAME = "Carlos Poles";
				TargetAttributes = {
					773C4E611CBCA90C00CF0C98 = {
						CreatedOnToolsVersion = 7.3;
					};
					773C4E771CBCA90C00CF0C98 = {
						CreatedOnToolsVersion = 7.3;
						TestTargetID = 773C4E611CBCA90C00CF0C98;
					};
					773C4E821CBCA90C00CF0C98 = {
						CreatedOnToolsVersion = 7.3;
						TestTargetID = 773C4E611CBCA90C00CF0C98;
					};
				};
			};
			buildConfigurationList = 773C4E5D1CBCA90C00CF0C98 /* Build configuration list for PBXProject "ContactList" */;
			compatibilityVersion = "Xcode 3.2";
			developmentRegion = English;
			hasScannedForEncodings = 0;
			knownRegions = (
				en,
				Base,
			);
			mainGroup = 773C4E591CBCA90C00CF0C98;
			productRefGroup = 773C4E631CBCA90C00CF0C98 /* Products */;
			projectDirPath = "";
			projectRoot = "";
			targets = (
				773C4E611CBCA90C00CF0C98 /* ContactList */,
				773C4E771CBCA90C00CF0C98 /* ContactListTests */,
				773C4E821CBCA90C00CF0C98 /* ContactListUITests */,
			);
		};
/* End PBXProject section */

/* Begin PBXResourcesBuildPhase section */
		773C4E601CBCA90C00CF0C98 /* Resources */ = {
			isa = PBXResourcesBuildPhase;
			buildActionMask = 2147483647;
			files = (
				773C4E721CBCA90C00CF0C98 /* LaunchScreen.storyboard in Resources */,
				773C4E6F1CBCA90C00CF0C98 /* Assets.xcassets in Resources */,
				773C4E6D1CBCA90C00CF0C98 /* Main.storyboard in Resources */,
			);
			runOnlyForDeploymentPostprocessing = 0;
		};
		773C4E761CBCA90C00CF0C98 /* Resources */ = {
			isa = PBXResourcesBuildPhase;
			buildActionMask = 2147483647;
			files = (
			);
			runOnlyForDeploymentPostprocessing = 0;
		};
		773C4E811CBCA90C00CF0C98 /* Resources */ = {
			isa = PBXResourcesBuildPhase;
			buildActionMask = 2147483647;
			files = (
			);
			runOnlyForDeploymentPostprocessing = 0;
		};
/* End PBXResourcesBuildPhase section */

/* Begin PBXSourcesBuildPhase section */
		773C4E5E1CBCA90C00CF0C98 /* Sources */ = {
			isa = PBXSourcesBuildPhase;
			buildActionMask = 2147483647;
			files = (
				773C4E9E1CBCA9FB00CF0C98 /* ContactList.swift in Sources */,
				773C4E6A1CBCA90C00CF0C98 /* DetailViewController.swift in Sources */,
				773C4E681CBCA90C00CF0C98 /* MasterViewController.swift in Sources */,
				773C4E9A1CBCA98A00CF0C98 /* Person.swift in Sources */,
				773C4E661CBCA90C00CF0C98 /* AppDelegate.swift in Sources */,
				773C4E9C1CBCA9C100CF0C98 /* ContacListEntry.swift in Sources */,
			);
			runOnlyForDeploymentPostprocessing = 0;
		};
		773C4E741CBCA90C00CF0C98 /* Sources */ = {
			isa = PBXSourcesBuildPhase;
			buildActionMask = 2147483647;
			files = (
				773C4E971CBCA95200CF0C98 /* PersonTests.swift in Sources */,
				773C4E7D1CBCA90C00CF0C98 /* ContactListTests.swift in Sources */,
				773C4E981CBCA95200CF0C98 /* ContactListEntryTests.swift in Sources */,
			);
			runOnlyForDeploymentPostprocessing = 0;
		};
		773C4E7F1CBCA90C00CF0C98 /* Sources */ = {
			isa = PBXSourcesBuildPhase;
			buildActionMask = 2147483647;
			files = (
				773C4E881CBCA90C00CF0C98 /* ContactListUITests.swift in Sources */,
			);
			runOnlyForDeploymentPostprocessing = 0;
		};
/* End PBXSourcesBuildPhase section */

/* Begin PBXTargetDependency section */
		773C4E7A1CBCA90C00CF0C98 /* PBXTargetDependency */ = {
			isa = PBXTargetDependency;
			target = 773C4E611CBCA90C00CF0C98 /* ContactList */;
			targetProxy = 773C4E791CBCA90C00CF0C98 /* PBXContainerItemProxy */;
		};
		773C4E851CBCA90C00CF0C98 /* PBXTargetDependency */ = {
			isa = PBXTargetDependency;
			target = 773C4E611CBCA90C00CF0C98 /* ContactList */;
			targetProxy = 773C4E841CBCA90C00CF0C98 /* PBXContainerItemProxy */;
		};
/* End PBXTargetDependency section */

/* Begin PBXVariantGroup section */
		773C4E6B1CBCA90C00CF0C98 /* Main.storyboard */ = {
			isa = PBXVariantGroup;
			children = (
				773C4E6C1CBCA90C00CF0C98 /* Base */,
			);
			name = Main.storyboard;
			sourceTree = "<group>";
		};
		773C4E701CBCA90C00CF0C98 /* LaunchScreen.storyboard */ = {
			isa = PBXVariantGroup;
			children = (
				773C4E711CBCA90C00CF0C98 /* Base */,
			);
			name = LaunchScreen.storyboard;
			sourceTree = "<group>";
		};
/* End PBXVariantGroup section */

/* Begin XCBuildConfiguration section */
		773C4E8A1CBCA90C00CF0C98 /* Debug */ = {
			isa = XCBuildConfiguration;
			buildSettings = {
				ALWAYS_SEARCH_USER_PATHS = NO;
				CLANG_ANALYZER_NONNULL = YES;
				CLANG_CXX_LANGUAGE_STANDARD = "gnu++0x";
				CLANG_CXX_LIBRARY = "libc++";
				CLANG_ENABLE_MODULES = YES;
				CLANG_ENABLE_OBJC_ARC = YES;
				CLANG_WARN_BOOL_CONVERSION = YES;
				CLANG_WARN_CONSTANT_CONVERSION = YES;
				CLANG_WARN_DIRECT_OBJC_ISA_USAGE = YES_ERROR;
				CLANG_WARN_EMPTY_BODY = YES;
				CLANG_WARN_ENUM_CONVERSION = YES;
				CLANG_WARN_INT_CONVERSION = YES;
				CLANG_WARN_OBJC_ROOT_CLASS = YES_ERROR;
				CLANG_WARN_UNREACHABLE_CODE = YES;
				CLANG_WARN__DUPLICATE_METHOD_MATCH = YES;
				"CODE_SIGN_IDENTITY[sdk=iphoneos*]" = "iPhone Developer";
				COPY_PHASE_STRIP = NO;
				DEBUG_INFORMATION_FORMAT = dwarf;
				ENABLE_STRICT_OBJC_MSGSEND = YES;
				ENABLE_TESTABILITY = YES;
				GCC_C_LANGUAGE_STANDARD = gnu99;
				GCC_DYNAMIC_NO_PIC = NO;
				GCC_NO_COMMON_BLOCKS = YES;
				GCC_OPTIMIZATION_LEVEL = 0;
				GCC_PREPROCESSOR_DEFINITIONS = (
					"DEBUG=1",
					"$(inherited)",
				);
				GCC_WARN_64_TO_32_BIT_CONVERSION = YES;
				GCC_WARN_ABOUT_RETURN_TYPE = YES_ERROR;
				GCC_WARN_UNDECLARED_SELECTOR = YES;
				GCC_WARN_UNINITIALIZED_AUTOS = YES_AGGRESSIVE;
				GCC_WARN_UNUSED_FUNCTION = YES;
				GCC_WARN_UNUSED_VARIABLE = YES;
				IPHONEOS_DEPLOYMENT_TARGET = 9.3;
				MTL_ENABLE_DEBUG_INFO = YES;
				ONLY_ACTIVE_ARCH = YES;
				SDKROOT = iphoneos;
				SWIFT_OPTIMIZATION_LEVEL = "-Onone";
				TARGETED_DEVICE_FAMILY = "1,2";
			};
			name = Debug;
		};
		773C4E8B1CBCA90C00CF0C98 /* Release */ = {
			isa = XCBuildConfiguration;
			buildSettings = {
				ALWAYS_SEARCH_USER_PATHS = NO;
				CLANG_ANALYZER_NONNULL = YES;
				CLANG_CXX_LANGUAGE_STANDARD = "gnu++0x";
				CLANG_CXX_LIBRARY = "libc++";
				CLANG_ENABLE_MODULES = YES;
				CLANG_ENABLE_OBJC_ARC = YES;
				CLANG_WARN_BOOL_CONVERSION = YES;
				CLANG_WARN_CONSTANT_CONVERSION = YES;
				CLANG_WARN_DIRECT_OBJC_ISA_USAGE = YES_ERROR;
				CLANG_WARN_EMPTY_BODY = YES;
				CLANG_WARN_ENUM_CONVERSION = YES;
				CLANG_WARN_INT_CONVERSION = YES;
				CLANG_WARN_OBJC_ROOT_CLASS = YES_ERROR;
				CLANG_WARN_UNREACHABLE_CODE = YES;
				CLANG_WARN__DUPLICATE_METHOD_MATCH = YES;
				"CODE_SIGN_IDENTITY[sdk=iphoneos*]" = "iPhone Developer";
				COPY_PHASE_STRIP = NO;
				DEBUG_INFORMATION_FORMAT = "dwarf-with-dsym";
				ENABLE_NS_ASSERTIONS = NO;
				ENABLE_STRICT_OBJC_MSGSEND = YES;
				GCC_C_LANGUAGE_STANDARD = gnu99;
				GCC_NO_COMMON_BLOCKS = YES;
				GCC_WARN_64_TO_32_BIT_CONVERSION = YES;
				GCC_WARN_ABOUT_RETURN_TYPE = YES_ERROR;
				GCC_WARN_UNDECLARED_SELECTOR = YES;
				GCC_WARN_UNINITIALIZED_AUTOS = YES_AGGRESSIVE;
				GCC_WARN_UNUSED_FUNCTION = YES;
				GCC_WARN_UNUSED_VARIABLE = YES;
				IPHONEOS_DEPLOYMENT_TARGET = 9.3;
				MTL_ENABLE_DEBUG_INFO = NO;
				SDKROOT = iphoneos;
				TARGETED_DEVICE_FAMILY = "1,2";
				VALIDATE_PRODUCT = YES;
			};
			name = Release;
		};
		773C4E8D1CBCA90C00CF0C98 /* Debug */ = {
			isa = XCBuildConfiguration;
			buildSettings = {
				ASSETCATALOG_COMPILER_APPICON_NAME = AppIcon;
				INFOPLIST_FILE = ContactList/Info.plist;
				LD_RUNPATH_SEARCH_PATHS = "$(inherited) @executable_path/Frameworks";
				PRODUCT_BUNDLE_IDENTIFIER = au.edu.griffith.ict.prog.ContactList;
				PRODUCT_NAME = "$(TARGET_NAME)";
			};
			name = Debug;
		};
		773C4E8E1CBCA90C00CF0C98 /* Release */ = {
			isa = XCBuildConfiguration;
			buildSettings = {
				ASSETCATALOG_COMPILER_APPICON_NAME = AppIcon;
				INFOPLIST_FILE = ContactList/Info.plist;
				LD_RUNPATH_SEARCH_PATHS = "$(inherited) @executable_path/Frameworks";
				PRODUCT_BUNDLE_IDENTIFIER = au.edu.griffith.ict.prog.ContactList;
				PRODUCT_NAME = "$(TARGET_NAME)";
			};
			name = Release;
		};
		773C4E901CBCA90C00CF0C98 /* Debug */ = {
			isa = XCBuildConfiguration;
			buildSettings = {
				BUNDLE_LOADER = "$(TEST_HOST)";
				INFOPLIST_FILE = ContactListTests/Info.plist;
				LD_RUNPATH_SEARCH_PATHS = "$(inherited) @executable_path/Frameworks @loader_path/Frameworks";
				PRODUCT_BUNDLE_IDENTIFIER = au.edu.griffith.ict.prog.ContactListTests;
				PRODUCT_NAME = "$(TARGET_NAME)";
				TEST_HOST = "$(BUILT_PRODUCTS_DIR)/ContactList.app/ContactList";
			};
			name = Debug;
		};
		773C4E911CBCA90C00CF0C98 /* Release */ = {
			isa = XCBuildConfiguration;
			buildSettings = {
				BUNDLE_LOADER = "$(TEST_HOST)";
				INFOPLIST_FILE = ContactListTests/Info.plist;
				LD_RUNPATH_SEARCH_PATHS = "$(inherited) @executable_path/Frameworks @loader_path/Frameworks";
				PRODUCT_BUNDLE_IDENTIFIER = au.edu.griffith.ict.prog.ContactListTests;
				PRODUCT_NAME = "$(TARGET_NAME)";
				TEST_HOST = "$(BUILT_PRODUCTS_DIR)/ContactList.app/ContactList";
			};
			name = Release;
		};
		773C4E931CBCA90C00CF0C98 /* Debug */ = {
			isa = XCBuildConfiguration;
			buildSettings = {
				INFOPLIST_FILE = ContactListUITests/Info.plist;
				LD_RUNPATH_SEARCH_PATHS = "$(inherited) @executable_path/Frameworks @loader_path/Frameworks";
				PRODUCT_BUNDLE_IDENTIFIER = au.edu.griffith.ict.prog.ContactListUITests;
				PRODUCT_NAME = "$(TARGET_NAME)";
				TEST_TARGET_NAME = ContactList;
			};
			name = Debug;
		};
		773C4E941CBCA90C00CF0C98 /* Release */ = {
			isa = XCBuildConfiguration;
			buildSettings = {
				INFOPLIST_FILE = ContactListUITests/Info.plist;
				LD_RUNPATH_SEARCH_PATHS = "$(inherited) @executable_path/Frameworks @loader_path/Frameworks";
				PRODUCT_BUNDLE_IDENTIFIER = au.edu.griffith.ict.prog.ContactListUITests;
				PRODUCT_NAME = "$(TARGET_NAME)";
				TEST_TARGET_NAME = ContactList;
			};
			name = Release;
		};
/* End XCBuildConfiguration section */

/* Begin XCConfigurationList section */
		773C4E5D1CBCA90C00CF0C98 /* Build configuration list for PBXProject "ContactList" */ = {
			isa = XCConfigurationList;
			buildConfigurations = (
				773C4E8A1CBCA90C00CF0C98 /* Debug */,
				773C4E8B1CBCA90C00CF0C98 /* Release */,
			);
			defaultConfigurationIsVisible = 0;
			defaultConfigurationName = Release;
		};
		773C4E8C1CBCA90C00CF0C98 /* Build configuration list for PBXNativeTarget "ContactList" */ = {
			isa = XCConfigurationList;
			buildConfigurations = (
				773C4E8D1CBCA90C00CF0C98 /* Debug */,
				773C4E8E1CBCA90C00CF0C98 /* Release */,
			);
			defaultConfigurationIsVisible = 0;
		};
		773C4E8F1CBCA90C00CF0C98 /* Build configuration list for PBXNativeTarget "ContactListTests" */ = {
			isa = XCConfigurationList;
			buildConfigurations = (
				773C4E901CBCA90C00CF0C98 /* Debug */,
				773C4E911CBCA90C00CF0C98 /* Release */,
			);
			defaultConfigurationIsVisible = 0;
		};
		773C4E921CBCA90C00CF0C98 /* Build configuration list for PBXNativeTarget "ContactListUITests" */ = {
			isa = XCConfigurationList;
			buildConfigurations = (
				773C4E931CBCA90C00CF0C98 /* Debug */,
				773C4E941CBCA90C00CF0C98 /* Release */,
			);
			defaultConfigurationIsVisible = 0;
		};
/* End XCConfigurationList section */
	};
	rootObject = 773C4E5A1CBCA90C00CF0C98 /* Project object */;
}
